
Microsoft Visual Studio Solution File, Format Version 10.00
# Visual C++ Express 2008
Project("{8BC9CEB8-8B4A-11D0-8D11-00A0C91BC942}") = "octvc1pktapi", "octvc1pktapi.vcproj", "{BD35431A-4066-4B10-9EE4-7E7D722823F2}"
	ProjectSection(ProjectDependencies) = postProject
		{199DDA44-301B-49C9-A4A4-B26C1D8B7343} = {199DDA44-301B-49C9-A4A4-B26C1D8B7343}
		{DD0F5150-5392-4A24-9B0E-812D662DF476} = {DD0F5150-5392-4A24-9B0E-812D662DF476}
	EndProjectSection
EndProject
Project("{8BC9CEB8-8B4A-11D0-8D11-00A0C91BC942}") = "octtransapi_eth", "..\common\octtransapi\octtransapi_eth\octtransapi_eth.vcproj", "{DD0F5150-5392-4A24-9B0E-812D662DF476}"
	ProjectSection(ProjectDependencies) = postProject
		{199DDA44-301B-49C9-A4A4-B26C1D8B7343} = {199DDA44-301B-49C9-A4A4-B26C1D8B7343}
		{481275BC-4260-4B04-AC46-4BDD4D50B84C} = {481275BC-4260-4B04-AC46-4BDD4D50B84C}
	EndProjectSection
EndProject
Project("{8BC9CEB8-8B4A-11D0-8D11-00A0C91BC942}") = "octosal", "..\common\octosal\octosal.vcproj", "{199DDA44-301B-49C9-A4A4-B26C1D8B7343}"
EndProject
Project("{8BC9CEB8-8B4A-11D0-8D11-00A0C91BC942}") = "octtransapi", "..\common\octtransapi\octtransapi\octtransapi.vcproj", "{481275BC-4260-4B04-AC46-4BDD4D50B84C}"
	ProjectSection(ProjectDependencies) = postProject
		{199DDA44-301B-49C9-A4A4-B26C1D8B7343} = {199DDA44-301B-49C9-A4A4-B26C1D8B7343}
	EndProjectSection
EndProject
Global
	GlobalSection(SolutionConfigurationPlatforms) = preSolution
		Debug|Win32 = Debug|Win32
		Release|Win32 = Release|Win32
	EndGlobalSection
	GlobalSection(ProjectConfigurationPlatforms) = postSolution
		{BD35431A-4066-4B10-9EE4-7E7D722823F2}.Debug|Win32.ActiveCfg = Debug|Win32
		{BD35431A-4066-4B10-9EE4-7E7D722823F2}.Debug|Win32.Build.0 = Debug|Win32
		{BD35431A-4066-4B10-9EE4-7E7D722823F2}.Release|Win32.ActiveCfg = Release|Win32
		{BD35431A-4066-4B10-9EE4-7E7D722823F2}.Release|Win32.Build.0 = Release|Win32
		{DD0F5150-5392-4A24-9B0E-812D662DF476}.Debug|Win32.ActiveCfg = Debug|Win32
		{DD0F5150-5392-4A24-9B0E-812D662DF476}.Debug|Win32.Build.0 = Debug|Win32
		{DD0F5150-5392-4A24-9B0E-812D662DF476}.Release|Win32.ActiveCfg = Release|Win32
		{DD0F5150-5392-4A24-9B0E-812D662DF476}.Release|Win32.Build.0 = Release|Win32
		{199DDA44-301B-49C9-A4A4-B26C1D8B7343}.Debug|Win32.ActiveCfg = Debug|Win32
		{199DDA44-301B-49C9-A4A4-B26C1D8B7343}.Debug|Win32.Build.0 = Debug|Win32
		{199DDA44-301B-49C9-A4A4-B26C1D8B7343}.Release|Win32.ActiveCfg = Release|Win32
		{199DDA44-301B-49C9-A4A4-B26C1D8B7343}.Release|Win32.Build.0 = Release|Win32
		{481275BC-4260-4B04-AC46-4BDD4D50B84C}.Debug|Win32.ActiveCfg = Debug|Win32
		{481275BC-4260-4B04-AC46-4BDD4D50B84C}.Debug|Win32.Build.0 = Debug|Win32
		{481275BC-4260-4B04-AC46-4BDD4D50B84C}.Release|Win32.ActiveCfg = Release|Win32
		{481275BC-4260-4B04-AC46-4BDD4D50B84C}.Release|Win32.Build.0 = Release|Win32
	EndGlobalSection
	GlobalSection(SolutionProperties) = preSolution
		HideSolutionNode = FALSE
	EndGlobalSection
EndGlobal
